
Microsoft Visual Studio Solution File, Format Version 12.00
# Visual Studio 14
VisualStudioVersion = 14.0.25420.1
MinimumVisualStudioVersion = 10.0.40219.1
Project("{2150E333-8FDC-42A3-9474-1A3956D46DE8}") = "src", "src", "{FBCB9465-6C34-4CE9-8C59-ED79E3E136D6}"
EndProject
Project("{2150E333-8FDC-42A3-9474-1A3956D46DE8}") = "Solution Items", "Solution Items", "{3274D97C-3ADB-4523-94FF-4307C527377D}"
	ProjectSection(SolutionItems) = preProject
		global.json = global.json
	EndProjectSection
EndProject
Project("{8BB2217D-0F2D-49D1-97BC-3654ED321F3B}") = "GifGenerator", "src\GifGenerator\GifGenerator.xproj", "{2E1B837B-E2D5-4978-B534-DFC6A5D00818}"
EndProject
Global
	GlobalSection(SolutionConfigurationPlatforms) = preSolution
		Debug|Any CPU = Debug|Any CPU
		Release|Any CPU = Release|Any CPU
	EndGlobalSection
	GlobalSection(ProjectConfigurationPlatforms) = postSolution
		{2E1B837B-E2D5-4978-B534-DFC6A5D00818}.Debug|Any CPU.ActiveCfg = Debug|Any CPU
		{2E1B837B-E2D5-4978-B534-DFC6A5D00818}.Debug|Any CPU.Build.0 = Debug|Any CPU
		{2E1B837B-E2D5-4978-B534-DFC6A5D00818}.Release|Any CPU.ActiveCfg = Release|Any CPU
		{2E1B837B-E2D5-4978-B534-DFC6A5D00818}.Release|Any CPU.Build.0 = Release|Any CPU
	EndGlobalSection
	GlobalSection(SolutionProperties) = preSolution
		HideSolutionNode = FALSE
	EndGlobalSection
	GlobalSection(NestedProjects) = preSolution
		{2E1B837B-E2D5-4978-B534-DFC6A5D00818} = {FBCB9465-6C34-4CE9-8C59-ED79E3E136D6}
	EndGlobalSection
EndGlobal
